// !$*UTF8*$!
{
	archiveVersion = 1;
	classes = {
	};
	objectVersion = 77;
	objects = {

/* Begin PBXBuildFile section */
		68E8137E4BD0B8773C58CA08 /* Assets.xcassets in Resources */ = {isa = PBXBuildFile; fileRef = BB2E1A58B2A05B48435B7134 /* Assets.xcassets */; };
		6EF143DFD806B0BFE63E1E35 /* TaigaUI in Frameworks */ = {isa = PBXBuildFile; productRef = D7492A7559CED46064D9C5F8 /* TaigaUI */; };
		80573D80034DC8538CC2AB6B /* TaigaCore in Frameworks */ = {isa = PBXBuildFile; productRef = DD3A56F2DBA3713147215B81 /* TaigaCore */; };
		8EDE08F2BA0DB49264926806 /* TaigaMobileApp.swift in Sources */ = {isa = PBXBuildFile; fileRef = BBAB664B272E0EC92257E9FB /* TaigaMobileApp.swift */; };
		F5895F4417317797BCEF2F70 /* SplashScreenView.swift in Sources */ = {isa = PBXBuildFile; fileRef = 18EA0AA197267F96FBCED25C /* SplashScreenView.swift */; };
		F5E86569A41671033ACBA027 /* ContentView.swift in Sources */ = {isa = PBXBuildFile; fileRef = CD72FE74621652D2E7502256 /* ContentView.swift */; };
/* End PBXBuildFile section */

/* Begin PBXFileReference section */
		18EA0AA197267F96FBCED25C /* SplashScreenView.swift */ = {isa = PBXFileReference; lastKnownFileType = sourcecode.swift; path = SplashScreenView.swift; sourceTree = "<group>"; };
		280270208B6A290AB1F7B3BF /* Tranga.app */ = {isa = PBXFileReference; explicitFileType = wrapper.application; includeInIndex = 0; path = Tranga.app; sourceTree = BUILT_PRODUCTS_DIR; };
		BB2E1A58B2A05B48435B7134 /* Assets.xcassets */ = {isa = PBXFileReference; lastKnownFileType = folder.assetcatalog; path = Assets.xcassets; sourceTree = "<group>"; };
		BBAB664B272E0EC92257E9FB /* TaigaMobileApp.swift */ = {isa = PBXFileReference; lastKnownFileType = sourcecode.swift; path = TaigaMobileApp.swift; sourceTree = "<group>"; };
		CD72FE74621652D2E7502256 /* ContentView.swift */ = {isa = PBXFileReference; lastKnownFileType = sourcecode.swift; path = ContentView.swift; sourceTree = "<group>"; };
		D9FE6ADAB38E6BB11D63A5F9 /* Info.plist */ = {isa = PBXFileReference; lastKnownFileType = text.plist; path = Info.plist; sourceTree = "<group>"; };
		FD0BB53B55E69F73E7F4777F /* tango-native-iOS- */ = {isa = PBXFileReference; lastKnownFileType = folder; name = "tango-native-iOS-"; path = .; sourceTree = SOURCE_ROOT; };
/* End PBXFileReference section */

/* Begin PBXFrameworksBuildPhase section */
		52749517765606EDCD9AFE3D /* Frameworks */ = {
			isa = PBXFrameworksBuildPhase;
			buildActionMask = 2147483647;
			files = (
				6EF143DFD806B0BFE63E1E35 /* TaigaUI in Frameworks */,
				80573D80034DC8538CC2AB6B /* TaigaCore in Frameworks */,
			);
			runOnlyForDeploymentPostprocessing = 0;
		};
/* End PBXFrameworksBuildPhase section */

/* Begin PBXGroup section */
		5C44795AD200D1A282FC2369 = {
			isa = PBXGroup;
			children = (
				81CC1DF59D9301ED57EF475D /* Packages */,
				D663913A53FD76F46D8C3287 /* TaigaApp */,
				95EAA4894A1A8FF87474A437 /* Products */,
			);
			sourceTree = "<group>";
		};
		81CC1DF59D9301ED57EF475D /* Packages */ = {
			isa = PBXGroup;
			children = (
				FD0BB53B55E69F73E7F4777F /* tango-native-iOS- */,
			);
			name = Packages;
			sourceTree = "<group>";
		};
		95EAA4894A1A8FF87474A437 /* Products */ = {
			isa = PBXGroup;
			children = (
				280270208B6A290AB1F7B3BF /* Tranga.app */,
			);
			name = Products;
			sourceTree = "<group>";
		};
		D663913A53FD76F46D8C3287 /* TaigaApp */ = {
			isa = PBXGroup;
			children = (
				BB2E1A58B2A05B48435B7134 /* Assets.xcassets */,
				CD72FE74621652D2E7502256 /* ContentView.swift */,
				D9FE6ADAB38E6BB11D63A5F9 /* Info.plist */,
				18EA0AA197267F96FBCED25C /* SplashScreenView.swift */,
				BBAB664B272E0EC92257E9FB /* TaigaMobileApp.swift */,
			);
			name = TaigaApp;
			path = Sources/TaigaApp;
			sourceTree = "<group>";
		};
/* End PBXGroup section */

/* Begin PBXNativeTarget section */
		55FB1AC234E071A0FF855D7D /* Tranga */ = {
			isa = PBXNativeTarget;
			buildConfigurationList = EE6D76F683CB93EDC60CDE9A /* Build configuration list for PBXNativeTarget "Tranga" */;
			buildPhases = (
				9E0D2981B8F5B2D673A1DFE9 /* Sources */,
				3998635BC2C38E70280519A4 /* Resources */,
				52749517765606EDCD9AFE3D /* Frameworks */,
			);
			buildRules = (
			);
			dependencies = (
			);
			name = Tranga;
			packageProductDependencies = (
				D7492A7559CED46064D9C5F8 /* TaigaUI */,
				DD3A56F2DBA3713147215B81 /* TaigaCore */,
			);
			productName = Tranga;
			productReference = 280270208B6A290AB1F7B3BF /* Tranga.app */;
			productType = "com.apple.product-type.application";
		};
/* End PBXNativeTarget section */

/* Begin PBXProject section */
		F03D8A5022B4B799C315490C /* Project object */ = {
			isa = PBXProject;
			attributes = {
				BuildIndependentTargetsInParallel = YES;
				LastUpgradeCheck = 1430;
				TargetAttributes = {
					55FB1AC234E071A0FF855D7D = {
						ProvisioningStyle = Automatic;
					};
				};
			};
			buildConfigurationList = 99BC8AB6996CD5A6D83A26F3 /* Build configuration list for PBXProject "Tranga" */;
			developmentRegion = en;
			hasScannedForEncodings = 0;
			knownRegions = (
				Base,
				en,
			);
			mainGroup = 5C44795AD200D1A282FC2369;
			minimizedProjectReferenceProxies = 1;
			packageReferences = (
				7608B00E1FA23A0614B37588 /* XCLocalSwiftPackageReference "." */,
			);
			preferredProjectObjectVersion = 77;
			productRefGroup = 95EAA4894A1A8FF87474A437 /* Products */;
			projectDirPath = "";
			projectRoot = "";
			targets = (
				55FB1AC234E071A0FF855D7D /* Tranga */,
			);
		};
/* End PBXProject section */

/* Begin PBXResourcesBuildPhase section */
		3998635BC2C38E70280519A4 /* Resources */ = {
			isa = PBXResourcesBuildPhase;
			buildActionMask = 2147483647;
			files = (
				68E8137E4BD0B8773C58CA08 /* Assets.xcassets in Resources */,
			);
			runOnlyForDeploymentPostprocessing = 0;
		};
/* End PBXResourcesBuildPhase section */

/* Begin PBXSourcesBuildPhase section */
		9E0D2981B8F5B2D673A1DFE9 /* Sources */ = {
			isa = PBXSourcesBuildPhase;
			buildActionMask = 2147483647;
			files = (
				F5E86569A41671033ACBA027 /* ContentView.swift in Sources */,
				F5895F4417317797BCEF2F70 /* SplashScreenView.swift in Sources */,
				8EDE08F2BA0DB49264926806 /* TaigaMobileApp.swift in Sources */,
			);
			runOnlyForDeploymentPostprocessing = 0;
		};
/* End PBXSourcesBuildPhase section */

/* Begin XCBuildConfiguration section */
		1F8271845D0BD03568DB0F7C /* Release */ = {
			isa = XCBuildConfiguration;
			buildSettings = {
				ASSETCATALOG_COMPILER_APPICON_NAME = AppIcon;
				CODE_SIGN_IDENTITY = "iPhone Developer";
				CODE_SIGN_STYLE = Automatic;
				CURRENT_PROJECT_VERSION = 1;
				DEVELOPMENT_TEAM = J5872G7867;
				INFOPLIST_FILE = Sources/TaigaApp/Info.plist;
				IPHONEOS_DEPLOYMENT_TARGET = 17.0;
				LD_RUNPATH_SEARCH_PATHS = (
					"$(inherited)",
					"@executable_path/Frameworks",
				);
				MARKETING_VERSION = 1.0;
				PRODUCT_BUNDLE_IDENTIFIER = com.andrewgonzalez.tranga;
				SDKROOT = iphoneos;
				TARGETED_DEVICE_FAMILY = "1,2";
			};
			name = Release;
		};
		36E4A614ADF2708BCC3E9482 /* Release */ = {
			isa = XCBuildConfiguration;
			buildSettings = {
				ALWAYS_SEARCH_USER_PATHS = NO;
				CLANG_ANALYZER_NONNULL = YES;
				CLANG_ANALYZER_NUMBER_OBJECT_CONVERSION = YES_AGGRESSIVE;
				CLANG_CXX_LANGUAGE_STANDARD = "gnu++14";
				CLANG_CXX_LIBRARY = "libc++";
				CLANG_ENABLE_MODULES = YES;
				CLANG_ENABLE_OBJC_ARC = YES;
				CLANG_ENABLE_OBJC_WEAK = YES;
				CLANG_WARN_BLOCK_CAPTURE_AUTORELEASING = YES;
				CLANG_WARN_BOOL_CONVERSION = YES;
				CLANG_WARN_COMMA = YES;
				CLANG_WARN_CONSTANT_CONVERSION = YES;
				CLANG_WARN_DEPRECATED_OBJC_IMPLEMENTATIONS = YES;
				CLANG_WARN_DIRECT_OBJC_ISA_USAGE = YES_ERROR;
				CLANG_WARN_DOCUMENTATION_COMMENTS = YES;
				CLANG_WARN_EMPTY_BODY = YES;
				CLANG_WARN_ENUM_CONVERSION = YES;
				CLANG_WARN_INFINITE_RECURSION = YES;
				CLANG_WARN_INT_CONVERSION = YES;
				CLANG_WARN_NON_LITERAL_NULL_CONVERSION = YES;
				CLANG_WARN_OBJC_IMPLICIT_RETAIN_SELF = YES;
				CLANG_WARN_OBJC_LITERAL_CONVERSION = YES;
				CLANG_WARN_OBJC_ROOT_CLASS = YES_ERROR;
				CLANG_WARN_QUOTED_INCLUDE_IN_FRAMEWORK_HEADER = YES;
				CLANG_WARN_RANGE_LOOP_ANALYSIS = YES;
				CLANG_WARN_STRICT_PROTOTYPES = YES;
				CLANG_WARN_SUSPICIOUS_MOVE = YES;
				CLANG_WARN_UNGUARDED_AVAILABILITY = YES_AGGRESSIVE;
				CLANG_WARN_UNREACHABLE_CODE = YES;
				CLANG_WARN__DUPLICATE_METHOD_MATCH = YES;
				COPY_PHASE_STRIP = NO;
				DEBUG_INFORMATION_FORMAT = "dwarf-with-dsym";
				ENABLE_NS_ASSERTIONS = NO;
				ENABLE_STRICT_OBJC_MSGSEND = YES;
				GCC_C_LANGUAGE_STANDARD = gnu11;
				GCC_NO_COMMON_BLOCKS = YES;
				GCC_WARN_64_TO_32_BIT_CONVERSION = YES;
				GCC_WARN_ABOUT_RETURN_TYPE = YES_ERROR;
				GCC_WARN_UNDECLARED_SELECTOR = YES;
				GCC_WARN_UNINITIALIZED_AUTOS = YES_AGGRESSIVE;
				GCC_WARN_UNUSED_FUNCTION = YES;
				GCC_WARN_UNUSED_VARIABLE = YES;
				IPHONEOS_DEPLOYMENT_TARGET = 17.0;
				MTL_ENABLE_DEBUG_INFO = NO;
				MTL_FAST_MATH = YES;
				PRODUCT_NAME = "$(TARGET_NAME)";
				SDKROOT = iphoneos;
				SWIFT_COMPILATION_MODE = wholemodule;
				SWIFT_OPTIMIZATION_LEVEL = "-O";
				SWIFT_VERSION = 5.9;
			};
			name = Release;
		};
		38CDFE4DF4A987350886AE81 /* Debug */ = {
			isa = XCBuildConfiguration;
			buildSettings = {
				ALWAYS_SEARCH_USER_PATHS = NO;
				CLANG_ANALYZER_NONNULL = YES;
				CLANG_ANALYZER_NUMBER_OBJECT_CONVERSION = YES_AGGRESSIVE;
				CLANG_CXX_LANGUAGE_STANDARD = "gnu++14";
				CLANG_CXX_LIBRARY = "libc++";
				CLANG_ENABLE_MODULES = YES;
				CLANG_ENABLE_OBJC_ARC = YES;
				CLANG_ENABLE_OBJC_WEAK = YES;
				CLANG_WARN_BLOCK_CAPTURE_AUTORELEASING = YES;
				CLANG_WARN_BOOL_CONVERSION = YES;
				CLANG_WARN_COMMA = YES;
				CLANG_WARN_CONSTANT_CONVERSION = YES;
				CLANG_WARN_DEPRECATED_OBJC_IMPLEMENTATIONS = YES;
				CLANG_WARN_DIRECT_OBJC_ISA_USAGE = YES_ERROR;
				CLANG_WARN_DOCUMENTATION_COMMENTS = YES;
				CLANG_WARN_EMPTY_BODY = YES;
				CLANG_WARN_ENUM_CONVERSION = YES;
				CLANG_WARN_INFINITE_RECURSION = YES;
				CLANG_WARN_INT_CONVERSION = YES;
				CLANG_WARN_NON_LITERAL_NULL_CONVERSION = YES;
				CLANG_WARN_OBJC_IMPLICIT_RETAIN_SELF = YES;
				CLANG_WARN_OBJC_LITERAL_CONVERSION = YES;
				CLANG_WARN_OBJC_ROOT_CLASS = YES_ERROR;
				CLANG_WARN_QUOTED_INCLUDE_IN_FRAMEWORK_HEADER = YES;
				CLANG_WARN_RANGE_LOOP_ANALYSIS = YES;
				CLANG_WARN_STRICT_PROTOTYPES = YES;
				CLANG_WARN_SUSPICIOUS_MOVE = YES;
				CLANG_WARN_UNGUARDED_AVAILABILITY = YES_AGGRESSIVE;
				CLANG_WARN_UNREACHABLE_CODE = YES;
				CLANG_WARN__DUPLICATE_METHOD_MATCH = YES;
				COPY_PHASE_STRIP = NO;
				DEBUG_INFORMATION_FORMAT = dwarf;
				ENABLE_STRICT_OBJC_MSGSEND = YES;
				ENABLE_TESTABILITY = YES;
				GCC_C_LANGUAGE_STANDARD = gnu11;
				GCC_DYNAMIC_NO_PIC = NO;
				GCC_NO_COMMON_BLOCKS = YES;
				GCC_OPTIMIZATION_LEVEL = 0;
				GCC_PREPROCESSOR_DEFINITIONS = (
					"$(inherited)",
					"DEBUG=1",
				);
				GCC_WARN_64_TO_32_BIT_CONVERSION = YES;
				GCC_WARN_ABOUT_RETURN_TYPE = YES_ERROR;
				GCC_WARN_UNDECLARED_SELECTOR = YES;
				GCC_WARN_UNINITIALIZED_AUTOS = YES_AGGRESSIVE;
				GCC_WARN_UNUSED_FUNCTION = YES;
				GCC_WARN_UNUSED_VARIABLE = YES;
				IPHONEOS_DEPLOYMENT_TARGET = 17.0;
				MTL_ENABLE_DEBUG_INFO = INCLUDE_SOURCE;
				MTL_FAST_MATH = YES;
				ONLY_ACTIVE_ARCH = YES;
				PRODUCT_NAME = "$(TARGET_NAME)";
				SDKROOT = iphoneos;
				SWIFT_ACTIVE_COMPILATION_CONDITIONS = DEBUG;
				SWIFT_OPTIMIZATION_LEVEL = "-Onone";
				SWIFT_VERSION = 5.9;
			};
			name = Debug;
		};
		C894750BFF9CCD2DB897F94A /* Debug */ = {
			isa = XCBuildConfiguration;
			buildSettings = {
				ASSETCATALOG_COMPILER_APPICON_NAME = AppIcon;
				CODE_SIGN_IDENTITY = "iPhone Developer";
				CODE_SIGN_STYLE = Automatic;
				CURRENT_PROJECT_VERSION = 1;
				DEVELOPMENT_TEAM = J5872G7867;
				INFOPLIST_FILE = Sources/TaigaApp/Info.plist;
				IPHONEOS_DEPLOYMENT_TARGET = 17.0;
				LD_RUNPATH_SEARCH_PATHS = (
					"$(inherited)",
					"@executable_path/Frameworks",
				);
				MARKETING_VERSION = 1.0;
				PRODUCT_BUNDLE_IDENTIFIER = com.andrewgonzalez.tranga;
				SDKROOT = iphoneos;
				TARGETED_DEVICE_FAMILY = "1,2";
			};
			name = Debug;
		};
/* End XCBuildConfiguration section */

/* Begin XCConfigurationList section */
		99BC8AB6996CD5A6D83A26F3 /* Build configuration list for PBXProject "Tranga" */ = {
			isa = XCConfigurationList;
			buildConfigurations = (
				38CDFE4DF4A987350886AE81 /* Debug */,
				36E4A614ADF2708BCC3E9482 /* Release */,
			);
			defaultConfigurationIsVisible = 0;
			defaultConfigurationName = Debug;
		};
		EE6D76F683CB93EDC60CDE9A /* Build configuration list for PBXNativeTarget "Tranga" */ = {
			isa = XCConfigurationList;
			buildConfigurations = (
				C894750BFF9CCD2DB897F94A /* Debug */,
				1F8271845D0BD03568DB0F7C /* Release */,
			);
			defaultConfigurationIsVisible = 0;
			defaultConfigurationName = Debug;
		};
/* End XCConfigurationList section */

/* Begin XCLocalSwiftPackageReference section */
		7608B00E1FA23A0614B37588 /* XCLocalSwiftPackageReference "." */ = {
			isa = XCLocalSwiftPackageReference;
			relativePath = .;
		};
/* End XCLocalSwiftPackageReference section */

/* Begin XCSwiftPackageProductDependency section */
		D7492A7559CED46064D9C5F8 /* TaigaUI */ = {
			isa = XCSwiftPackageProductDependency;
			productName = TaigaUI;
		};
		DD3A56F2DBA3713147215B81 /* TaigaCore */ = {
			isa = XCSwiftPackageProductDependency;
			productName = TaigaCore;
		};
/* End XCSwiftPackageProductDependency section */
	};
	rootObject = F03D8A5022B4B799C315490C /* Project object */;
}
