// !$*UTF8*$!
{
	archiveVersion = 1;
	classes = {
	};
	objectVersion = 77;
	objects = {

/* Begin PBXBuildFile section */
		072E7A8F50D2EF1E3798A5E5 /* ContentView.swift in Sources */ = {isa = PBXBuildFile; fileRef = 1A0AB962EC6C6E051AE16EB7 /* ContentView.swift */; };
		830EAC86B45432DF7EEA79D1 /* TaigaUI in Frameworks */ = {isa = PBXBuildFile; productRef = AF40C9BAC47F206C91A3644D /* TaigaUI */; };
		91824BA2B7CEF06A5C7DA73D /* TaigaCore in Frameworks */ = {isa = PBXBuildFile; productRef = 7E2C4013CAAA5AEE6CA0AD92 /* TaigaCore */; };
		D12D42AC46E1618A462CB43D /* Assets.xcassets in Resources */ = {isa = PBXBuildFile; fileRef = 4AD7884D957C43AAFEFC9309 /* Assets.xcassets */; };
		D34020173DCD27352A5396C3 /* SplashScreenView.swift in Sources */ = {isa = PBXBuildFile; fileRef = 72310DC26B312CCE4EEC3349 /* SplashScreenView.swift */; };
		D899CF3002D47D753F638612 /* TaigaMobileApp.swift in Sources */ = {isa = PBXBuildFile; fileRef = F4AC81CB8920C13E404D655C /* TaigaMobileApp.swift */; };
/* End PBXBuildFile section */

/* Begin PBXFileReference section */
		1A0AB962EC6C6E051AE16EB7 /* ContentView.swift */ = {isa = PBXFileReference; lastKnownFileType = sourcecode.swift; path = ContentView.swift; sourceTree = "<group>"; };
		254D620E1C74D0BF6ED3CB31 /* TaigaClient */ = {isa = PBXFileReference; lastKnownFileType = folder; name = TaigaClient; path = .; sourceTree = SOURCE_ROOT; };
		4AD7884D957C43AAFEFC9309 /* Assets.xcassets */ = {isa = PBXFileReference; lastKnownFileType = folder.assetcatalog; path = Assets.xcassets; sourceTree = "<group>"; };
		72310DC26B312CCE4EEC3349 /* SplashScreenView.swift */ = {isa = PBXFileReference; lastKnownFileType = sourcecode.swift; path = SplashScreenView.swift; sourceTree = "<group>"; };
		9BB6EF39B9BE14A21223F5F0 /* Tranga.app */ = {isa = PBXFileReference; explicitFileType = wrapper.application; includeInIndex = 0; path = Tranga.app; sourceTree = BUILT_PRODUCTS_DIR; };
		AA63C170BC1931A303056650 /* Info.plist */ = {isa = PBXFileReference; lastKnownFileType = text.plist; path = Info.plist; sourceTree = "<group>"; };
		F4AC81CB8920C13E404D655C /* TaigaMobileApp.swift */ = {isa = PBXFileReference; lastKnownFileType = sourcecode.swift; path = TaigaMobileApp.swift; sourceTree = "<group>"; };
/* End PBXFileReference section */

/* Begin PBXFrameworksBuildPhase section */
		612BA94B91E26C9277DC6931 /* Frameworks */ = {
			isa = PBXFrameworksBuildPhase;
			buildActionMask = 2147483647;
			files = (
				830EAC86B45432DF7EEA79D1 /* TaigaUI in Frameworks */,
				91824BA2B7CEF06A5C7DA73D /* TaigaCore in Frameworks */,
			);
			runOnlyForDeploymentPostprocessing = 0;
		};
/* End PBXFrameworksBuildPhase section */

/* Begin PBXGroup section */
		137D82B14D50281846C8BE42 = {
			isa = PBXGroup;
			children = (
				FE1179D8EC60B34E9453B089 /* Packages */,
				B945680F570B47E204F147CA /* TaigaApp */,
				E8CA132862FC33F4F8CFD8A1 /* Products */,
			);
			sourceTree = "<group>";
		};
		B945680F570B47E204F147CA /* TaigaApp */ = {
			isa = PBXGroup;
			children = (
				4AD7884D957C43AAFEFC9309 /* Assets.xcassets */,
				1A0AB962EC6C6E051AE16EB7 /* ContentView.swift */,
				AA63C170BC1931A303056650 /* Info.plist */,
				72310DC26B312CCE4EEC3349 /* SplashScreenView.swift */,
				F4AC81CB8920C13E404D655C /* TaigaMobileApp.swift */,
			);
			name = TaigaApp;
			path = Sources/TaigaApp;
			sourceTree = "<group>";
		};
		E8CA132862FC33F4F8CFD8A1 /* Products */ = {
			isa = PBXGroup;
			children = (
				9BB6EF39B9BE14A21223F5F0 /* Tranga.app */,
			);
			name = Products;
			sourceTree = "<group>";
		};
		FE1179D8EC60B34E9453B089 /* Packages */ = {
			isa = PBXGroup;
			children = (
				254D620E1C74D0BF6ED3CB31 /* TaigaClient */,
			);
			name = Packages;
			sourceTree = "<group>";
		};
/* End PBXGroup section */

/* Begin PBXNativeTarget section */
		FF5C62FD42E11E887B9A584E /* Tranga */ = {
			isa = PBXNativeTarget;
			buildConfigurationList = 58B29113CB9CCF2D9783E614 /* Build configuration list for PBXNativeTarget "Tranga" */;
			buildPhases = (
				D93D760A25CBEA54A860646C /* Sources */,
				16FA2494A4F5F11646A726E4 /* Resources */,
				612BA94B91E26C9277DC6931 /* Frameworks */,
			);
			buildRules = (
			);
			dependencies = (
			);
			name = Tranga;
			packageProductDependencies = (
				AF40C9BAC47F206C91A3644D /* TaigaUI */,
				7E2C4013CAAA5AEE6CA0AD92 /* TaigaCore */,
			);
			productName = Tranga;
			productReference = 9BB6EF39B9BE14A21223F5F0 /* Tranga.app */;
			productType = "com.apple.product-type.application";
		};
/* End PBXNativeTarget section */

/* Begin PBXProject section */
		BAA60655F63F5E5C303DCD32 /* Project object */ = {
			isa = PBXProject;
			attributes = {
				BuildIndependentTargetsInParallel = YES;
				LastUpgradeCheck = 1430;
				TargetAttributes = {
					FF5C62FD42E11E887B9A584E = {
						ProvisioningStyle = Automatic;
					};
				};
			};
			buildConfigurationList = 93669296A2173879DEE23A4E /* Build configuration list for PBXProject "Tranga" */;
			developmentRegion = en;
			hasScannedForEncodings = 0;
			knownRegions = (
				Base,
				en,
			);
			mainGroup = 137D82B14D50281846C8BE42;
			minimizedProjectReferenceProxies = 1;
			packageReferences = (
				9A2BC678C3D4C6003AC9EE0D /* XCLocalSwiftPackageReference "." */,
			);
			preferredProjectObjectVersion = 77;
			productRefGroup = E8CA132862FC33F4F8CFD8A1 /* Products */;
			projectDirPath = "";
			projectRoot = "";
			targets = (
				FF5C62FD42E11E887B9A584E /* Trango */,
			);
		};
/* End PBXProject section */

/* Begin PBXResourcesBuildPhase section */
		16FA2494A4F5F11646A726E4 /* Resources */ = {
			isa = PBXResourcesBuildPhase;
			buildActionMask = 2147483647;
			files = (
				D12D42AC46E1618A462CB43D /* Assets.xcassets in Resources */,
			);
			runOnlyForDeploymentPostprocessing = 0;
		};
/* End PBXResourcesBuildPhase section */

/* Begin PBXSourcesBuildPhase section */
		D93D760A25CBEA54A860646C /* Sources */ = {
			isa = PBXSourcesBuildPhase;
			buildActionMask = 2147483647;
			files = (
				072E7A8F50D2EF1E3798A5E5 /* ContentView.swift in Sources */,
				D34020173DCD27352A5396C3 /* SplashScreenView.swift in Sources */,
				D899CF3002D47D753F638612 /* TaigaMobileApp.swift in Sources */,
			);
			runOnlyForDeploymentPostprocessing = 0;
		};
/* End PBXSourcesBuildPhase section */

/* Begin XCBuildConfiguration section */
		680DCC2FD0D887C0ADBD43FD /* Release */ = {
			isa = XCBuildConfiguration;
			buildSettings = {
				ALWAYS_SEARCH_USER_PATHS = NO;
				CLANG_ANALYZER_NONNULL = YES;
				CLANG_ANALYZER_NUMBER_OBJECT_CONVERSION = YES_AGGRESSIVE;
				CLANG_CXX_LANGUAGE_STANDARD = "gnu++14";
				CLANG_CXX_LIBRARY = "libc++";
				CLANG_ENABLE_MODULES = YES;
				CLANG_ENABLE_OBJC_ARC = YES;
				CLANG_ENABLE_OBJC_WEAK = YES;
				CLANG_WARN_BLOCK_CAPTURE_AUTORELEASING = YES;
				CLANG_WARN_BOOL_CONVERSION = YES;
				CLANG_WARN_COMMA = YES;
				CLANG_WARN_CONSTANT_CONVERSION = YES;
				CLANG_WARN_DEPRECATED_OBJC_IMPLEMENTATIONS = YES;
				CLANG_WARN_DIRECT_OBJC_ISA_USAGE = YES_ERROR;
				CLANG_WARN_DOCUMENTATION_COMMENTS = YES;
				CLANG_WARN_EMPTY_BODY = YES;
				CLANG_WARN_ENUM_CONVERSION = YES;
				CLANG_WARN_INFINITE_RECURSION = YES;
				CLANG_WARN_INT_CONVERSION = YES;
				CLANG_WARN_NON_LITERAL_NULL_CONVERSION = YES;
				CLANG_WARN_OBJC_IMPLICIT_RETAIN_SELF = YES;
				CLANG_WARN_OBJC_LITERAL_CONVERSION = YES;
				CLANG_WARN_OBJC_ROOT_CLASS = YES_ERROR;
				CLANG_WARN_QUOTED_INCLUDE_IN_FRAMEWORK_HEADER = YES;
				CLANG_WARN_RANGE_LOOP_ANALYSIS = YES;
				CLANG_WARN_STRICT_PROTOTYPES = YES;
				CLANG_WARN_SUSPICIOUS_MOVE = YES;
				CLANG_WARN_UNGUARDED_AVAILABILITY = YES_AGGRESSIVE;
				CLANG_WARN_UNREACHABLE_CODE = YES;
				CLANG_WARN__DUPLICATE_METHOD_MATCH = YES;
				COPY_PHASE_STRIP = NO;
				DEBUG_INFORMATION_FORMAT = "dwarf-with-dsym";
				ENABLE_NS_ASSERTIONS = NO;
				ENABLE_STRICT_OBJC_MSGSEND = YES;
				GCC_C_LANGUAGE_STANDARD = gnu11;
				GCC_NO_COMMON_BLOCKS = YES;
				GCC_WARN_64_TO_32_BIT_CONVERSION = YES;
				GCC_WARN_ABOUT_RETURN_TYPE = YES_ERROR;
				GCC_WARN_UNDECLARED_SELECTOR = YES;
				GCC_WARN_UNINITIALIZED_AUTOS = YES_AGGRESSIVE;
				GCC_WARN_UNUSED_FUNCTION = YES;
				GCC_WARN_UNUSED_VARIABLE = YES;
				IPHONEOS_DEPLOYMENT_TARGET = 17.0;
				MTL_ENABLE_DEBUG_INFO = NO;
				MTL_FAST_MATH = YES;
				PRODUCT_NAME = "$(TARGET_NAME)";
				SDKROOT = iphoneos;
				SWIFT_COMPILATION_MODE = wholemodule;
				SWIFT_OPTIMIZATION_LEVEL = "-O";
				SWIFT_VERSION = 5.9;
			};
			name = Release;
		};
		6D63DA38FB34428A35E006AE /* Release */ = {
			isa = XCBuildConfiguration;
			buildSettings = {
				ASSETCATALOG_COMPILER_APPICON_NAME = AppIcon;
				CODE_SIGN_IDENTITY = "iPhone Developer";
				CODE_SIGN_STYLE = Automatic;
				CURRENT_PROJECT_VERSION = 1;
				DEVELOPMENT_TEAM = J5872G7867;
				INFOPLIST_FILE = Sources/TaigaApp/Info.plist;
				IPHONEOS_DEPLOYMENT_TARGET = 17.0;
				LD_RUNPATH_SEARCH_PATHS = (
					"$(inherited)",
					"@executable_path/Frameworks",
				);
				MARKETING_VERSION = 1.0;
				PRODUCT_BUNDLE_IDENTIFIER = com.andrewgonzalez.tranga;
				SDKROOT = iphoneos;
				TARGETED_DEVICE_FAMILY = "1,2";
			};
			name = Release;
		};
		82671B8E6765D893B703940D /* Debug */ = {
			isa = XCBuildConfiguration;
			buildSettings = {
				ASSETCATALOG_COMPILER_APPICON_NAME = AppIcon;
				CODE_SIGN_IDENTITY = "iPhone Developer";
				CODE_SIGN_STYLE = Automatic;
				CURRENT_PROJECT_VERSION = 1;
				DEVELOPMENT_TEAM = J5872G7867;
				INFOPLIST_FILE = Sources/TaigaApp/Info.plist;
				IPHONEOS_DEPLOYMENT_TARGET = 17.0;
				LD_RUNPATH_SEARCH_PATHS = (
					"$(inherited)",
					"@executable_path/Frameworks",
				);
				MARKETING_VERSION = 1.0;
				PRODUCT_BUNDLE_IDENTIFIER = com.andrewgonzalez.tranga;
				SDKROOT = iphoneos;
				TARGETED_DEVICE_FAMILY = "1,2";
			};
			name = Debug;
		};
		B35E82A92ACAE1DBF9D365FF /* Debug */ = {
			isa = XCBuildConfiguration;
			buildSettings = {
				ALWAYS_SEARCH_USER_PATHS = NO;
				CLANG_ANALYZER_NONNULL = YES;
				CLANG_ANALYZER_NUMBER_OBJECT_CONVERSION = YES_AGGRESSIVE;
				CLANG_CXX_LANGUAGE_STANDARD = "gnu++14";
				CLANG_CXX_LIBRARY = "libc++";
				CLANG_ENABLE_MODULES = YES;
				CLANG_ENABLE_OBJC_ARC = YES;
				CLANG_ENABLE_OBJC_WEAK = YES;
				CLANG_WARN_BLOCK_CAPTURE_AUTORELEASING = YES;
				CLANG_WARN_BOOL_CONVERSION = YES;
				CLANG_WARN_COMMA = YES;
				CLANG_WARN_CONSTANT_CONVERSION = YES;
				CLANG_WARN_DEPRECATED_OBJC_IMPLEMENTATIONS = YES;
				CLANG_WARN_DIRECT_OBJC_ISA_USAGE = YES_ERROR;
				CLANG_WARN_DOCUMENTATION_COMMENTS = YES;
				CLANG_WARN_EMPTY_BODY = YES;
				CLANG_WARN_ENUM_CONVERSION = YES;
				CLANG_WARN_INFINITE_RECURSION = YES;
				CLANG_WARN_INT_CONVERSION = YES;
				CLANG_WARN_NON_LITERAL_NULL_CONVERSION = YES;
				CLANG_WARN_OBJC_IMPLICIT_RETAIN_SELF = YES;
				CLANG_WARN_OBJC_LITERAL_CONVERSION = YES;
				CLANG_WARN_OBJC_ROOT_CLASS = YES_ERROR;
				CLANG_WARN_QUOTED_INCLUDE_IN_FRAMEWORK_HEADER = YES;
				CLANG_WARN_RANGE_LOOP_ANALYSIS = YES;
				CLANG_WARN_STRICT_PROTOTYPES = YES;
				CLANG_WARN_SUSPICIOUS_MOVE = YES;
				CLANG_WARN_UNGUARDED_AVAILABILITY = YES_AGGRESSIVE;
				CLANG_WARN_UNREACHABLE_CODE = YES;
				CLANG_WARN__DUPLICATE_METHOD_MATCH = YES;
				COPY_PHASE_STRIP = NO;
				DEBUG_INFORMATION_FORMAT = dwarf;
				ENABLE_STRICT_OBJC_MSGSEND = YES;
				ENABLE_TESTABILITY = YES;
				GCC_C_LANGUAGE_STANDARD = gnu11;
				GCC_DYNAMIC_NO_PIC = NO;
				GCC_NO_COMMON_BLOCKS = YES;
				GCC_OPTIMIZATION_LEVEL = 0;
				GCC_PREPROCESSOR_DEFINITIONS = (
					"$(inherited)",
					"DEBUG=1",
				);
				GCC_WARN_64_TO_32_BIT_CONVERSION = YES;
				GCC_WARN_ABOUT_RETURN_TYPE = YES_ERROR;
				GCC_WARN_UNDECLARED_SELECTOR = YES;
				GCC_WARN_UNINITIALIZED_AUTOS = YES_AGGRESSIVE;
				GCC_WARN_UNUSED_FUNCTION = YES;
				GCC_WARN_UNUSED_VARIABLE = YES;
				IPHONEOS_DEPLOYMENT_TARGET = 17.0;
				MTL_ENABLE_DEBUG_INFO = INCLUDE_SOURCE;
				MTL_FAST_MATH = YES;
				ONLY_ACTIVE_ARCH = YES;
				PRODUCT_NAME = "$(TARGET_NAME)";
				SDKROOT = iphoneos;
				SWIFT_ACTIVE_COMPILATION_CONDITIONS = DEBUG;
				SWIFT_OPTIMIZATION_LEVEL = "-Onone";
				SWIFT_VERSION = 5.9;
			};
			name = Debug;
		};
/* End XCBuildConfiguration section */

/* Begin XCConfigurationList section */
		58B29113CB9CCF2D9783E614 /* Build configuration list for PBXNativeTarget "Tranga" */ = {
			isa = XCConfigurationList;
			buildConfigurations = (
				82671B8E6765D893B703940D /* Debug */,
				6D63DA38FB34428A35E006AE /* Release */,
			);
			defaultConfigurationIsVisible = 0;
			defaultConfigurationName = Debug;
		};
		93669296A2173879DEE23A4E /* Build configuration list for PBXProject "Tranga" */ = {
			isa = XCConfigurationList;
			buildConfigurations = (
				B35E82A92ACAE1DBF9D365FF /* Debug */,
				680DCC2FD0D887C0ADBD43FD /* Release */,
			);
			defaultConfigurationIsVisible = 0;
			defaultConfigurationName = Debug;
		};
/* End XCConfigurationList section */

/* Begin XCLocalSwiftPackageReference section */
		9A2BC678C3D4C6003AC9EE0D /* XCLocalSwiftPackageReference "." */ = {
			isa = XCLocalSwiftPackageReference;
			relativePath = .;
		};
/* End XCLocalSwiftPackageReference section */

/* Begin XCSwiftPackageProductDependency section */
		7E2C4013CAAA5AEE6CA0AD92 /* TaigaCore */ = {
			isa = XCSwiftPackageProductDependency;
			productName = TaigaCore;
		};
		AF40C9BAC47F206C91A3644D /* TaigaUI */ = {
			isa = XCSwiftPackageProductDependency;
			productName = TaigaUI;
		};
/* End XCSwiftPackageProductDependency section */
	};
	rootObject = BAA60655F63F5E5C303DCD32 /* Project object */;
}
